
Microsoft Visual Studio Solution File, Format Version 12.00
# Visual Studio Version 16
VisualStudioVersion = 16.0.32228.343
MinimumVisualStudioVersion = 10.0.40219.1
Project("{FAE04EC0-301F-11D3-BF4B-00C04F79EFBC}") = "VacTrac_0.2", "..\VacTrac_0.2\VacTrac_0.2.csproj", "{4E821C6C-302F-44A1-875B-4D65AEE537A6}"
EndProject
Global
	GlobalSection(SolutionConfigurationPlatforms) = preSolution
		Debug|Any CPU = Debug|Any CPU
		Release|Any CPU = Release|Any CPU
	EndGlobalSection
	GlobalSection(ProjectConfigurationPlatforms) = postSolution
		{4E821C6C-302F-44A1-875B-4D65AEE537A6}.Debug|Any CPU.ActiveCfg = Debug|Any CPU
		{4E821C6C-302F-44A1-875B-4D65AEE537A6}.Debug|Any CPU.Build.0 = Debug|Any CPU
		{4E821C6C-302F-44A1-875B-4D65AEE537A6}.Release|Any CPU.ActiveCfg = Release|Any CPU
		{4E821C6C-302F-44A1-875B-4D65AEE537A6}.Release|Any CPU.Build.0 = Release|Any CPU
	EndGlobalSection
	GlobalSection(SolutionProperties) = preSolution
		HideSolutionNode = FALSE
	EndGlobalSection
	GlobalSection(ExtensibilityGlobals) = postSolution
		SolutionGuid = {2E96186E-F2A2-45AA-9DEB-CD912E70CD1A}
	EndGlobalSection
EndGlobal
