
Microsoft Visual Studio Solution File, Format Version 12.00
# Visual Studio Version 16
VisualStudioVersion = 16.0.32228.343
MinimumVisualStudioVersion = 10.0.40219.1
Project("{FAE04EC0-301F-11D3-BF4B-00C04F79EFBC}") = "VacTrac", "VacTrac.csproj", "{599D595F-9BAD-4FAA-BD1A-6D1EBE1E1552}"
EndProject
Global
	GlobalSection(SolutionConfigurationPlatforms) = preSolution
		Debug|Any CPU = Debug|Any CPU
		Release|Any CPU = Release|Any CPU
	EndGlobalSection
	GlobalSection(ProjectConfigurationPlatforms) = postSolution
		{599D595F-9BAD-4FAA-BD1A-6D1EBE1E1552}.Debug|Any CPU.ActiveCfg = Debug|Any CPU
		{599D595F-9BAD-4FAA-BD1A-6D1EBE1E1552}.Debug|Any CPU.Build.0 = Debug|Any CPU
		{599D595F-9BAD-4FAA-BD1A-6D1EBE1E1552}.Release|Any CPU.ActiveCfg = Release|Any CPU
		{599D595F-9BAD-4FAA-BD1A-6D1EBE1E1552}.Release|Any CPU.Build.0 = Release|Any CPU
	EndGlobalSection
	GlobalSection(SolutionProperties) = preSolution
		HideSolutionNode = FALSE
	EndGlobalSection
	GlobalSection(ExtensibilityGlobals) = postSolution
		SolutionGuid = {2E96186E-F2A2-45AA-9DEB-CD912E70CD1A}
	EndGlobalSection
EndGlobal
